// !$*UTF8*$!
{
	archiveVersion = 1;
	classes = {
	};
	objectVersion = 51;
	objects = {

/* Begin PBXBuildFile section */
		C32F2B062352428200D1899C /* UIImage+Extension.swift in Sources */ = {isa = PBXBuildFile; fileRef = C32F2B052352428200D1899C /* UIImage+Extension.swift */; };
		C350F60D23A663BC00559AED /* ParentViewController.swift in Sources */ = {isa = PBXBuildFile; fileRef = C350F60C23A663BC00559AED /* ParentViewController.swift */; };
		C350F61023A6668600559AED /* ServicesCollectionDataSource.swift in Sources */ = {isa = PBXBuildFile; fileRef = C350F60F23A6668600559AED /* ServicesCollectionDataSource.swift */; };
		C350F61223A6669D00559AED /* ServicesCollectionDelegate.swift in Sources */ = {isa = PBXBuildFile; fileRef = C350F61123A6669D00559AED /* ServicesCollectionDelegate.swift */; };
		C350F61623A672A900559AED /* ServiceCollectionCell.swift in Sources */ = {isa = PBXBuildFile; fileRef = C350F61523A672A900559AED /* ServiceCollectionCell.swift */; };
		C350F61823A674DE00559AED /* ServiceCollectionViewModel.swift in Sources */ = {isa = PBXBuildFile; fileRef = C350F61723A674DE00559AED /* ServiceCollectionViewModel.swift */; };
		C350F61A23A675C200559AED /* ServicesCollectionHolder.swift in Sources */ = {isa = PBXBuildFile; fileRef = C350F61923A675C200559AED /* ServicesCollectionHolder.swift */; };
		C350F61C23A679EC00559AED /* ServicesViewModelInitializer.swift in Sources */ = {isa = PBXBuildFile; fileRef = C350F61B23A679EC00559AED /* ServicesViewModelInitializer.swift */; };
		C350F61E23A67A6000559AED /* ServicesViewControllerBuilder.swift in Sources */ = {isa = PBXBuildFile; fileRef = C350F61D23A67A6000559AED /* ServicesViewControllerBuilder.swift */; };
		C350F62123A69D8E00559AED /* FeedTableViewDelegate.swift in Sources */ = {isa = PBXBuildFile; fileRef = C350F62023A69D8E00559AED /* FeedTableViewDelegate.swift */; };
		C350F62323A69DBE00559AED /* FeedTableViewDataSource.swift in Sources */ = {isa = PBXBuildFile; fileRef = C350F62223A69DBE00559AED /* FeedTableViewDataSource.swift */; };
		C350F62523A69E0A00559AED /* FeedTableViewCell.swift in Sources */ = {isa = PBXBuildFile; fileRef = C350F62423A69E0A00559AED /* FeedTableViewCell.swift */; };
		C350F62823A6B42E00559AED /* PostInfoView.swift in Sources */ = {isa = PBXBuildFile; fileRef = C350F62723A6B42E00559AED /* PostInfoView.swift */; };
		C350F62A23A6B44800559AED /* UserInfoHeaderView.swift in Sources */ = {isa = PBXBuildFile; fileRef = C350F62923A6B44800559AED /* UserInfoHeaderView.swift */; };
		C350F62C23A6B58F00559AED /* FeedViewControllerBuilder.swift in Sources */ = {isa = PBXBuildFile; fileRef = C350F62B23A6B58F00559AED /* FeedViewControllerBuilder.swift */; };
		C35EE7F0233BD97F00224078 /* AppDelegate.swift in Sources */ = {isa = PBXBuildFile; fileRef = C35EE7EF233BD97F00224078 /* AppDelegate.swift */; };
		C35EE7F2233BD97F00224078 /* SceneDelegate.swift in Sources */ = {isa = PBXBuildFile; fileRef = C35EE7F1233BD97F00224078 /* SceneDelegate.swift */; };
		C35EE7F4233BD97F00224078 /* ViewController.swift in Sources */ = {isa = PBXBuildFile; fileRef = C35EE7F3233BD97F00224078 /* ViewController.swift */; };
		C35EE7F7233BD97F00224078 /* Main.storyboard in Resources */ = {isa = PBXBuildFile; fileRef = C35EE7F5233BD97F00224078 /* Main.storyboard */; };
		C35EE7F9233BD98400224078 /* Assets.xcassets in Resources */ = {isa = PBXBuildFile; fileRef = C35EE7F8233BD98400224078 /* Assets.xcassets */; };
		C35EE7FC233BD98400224078 /* LaunchScreen.storyboard in Resources */ = {isa = PBXBuildFile; fileRef = C35EE7FA233BD98400224078 /* LaunchScreen.storyboard */; };
		C35EE807233BD98400224078 /* OwnersIOSTests.swift in Sources */ = {isa = PBXBuildFile; fileRef = C35EE806233BD98400224078 /* OwnersIOSTests.swift */; };
		C35EE812233BD98400224078 /* OwnersIOSUITests.swift in Sources */ = {isa = PBXBuildFile; fileRef = C35EE811233BD98400224078 /* OwnersIOSUITests.swift */; };
		C36BC0F323A8166B000C3F1D /* CreatePostViewControllerBuilder.swift in Sources */ = {isa = PBXBuildFile; fileRef = C36BC0F223A8166B000C3F1D /* CreatePostViewControllerBuilder.swift */; };
		C36BC0F623A81717000C3F1D /* PostView.swift in Sources */ = {isa = PBXBuildFile; fileRef = C36BC0F523A81717000C3F1D /* PostView.swift */; };
		C36BC0F823A8278B000C3F1D /* InputView.swift in Sources */ = {isa = PBXBuildFile; fileRef = C36BC0F723A8278B000C3F1D /* InputView.swift */; };
		C372532C2352326100B11E39 /* MainTabBarController.swift in Sources */ = {isa = PBXBuildFile; fileRef = C372532B2352326100B11E39 /* MainTabBarController.swift */; };
		C37253382352358E00B11E39 /* ViewControllersFactory.swift in Sources */ = {isa = PBXBuildFile; fileRef = C37253372352358E00B11E39 /* ViewControllersFactory.swift */; };
		C3ADE7C523562E6D009B6377 /* UIColor+Extension.swift in Sources */ = {isa = PBXBuildFile; fileRef = C3ADE7C423562E6D009B6377 /* UIColor+Extension.swift */; };
		C3ADE7C823563077009B6377 /* FeedViewController.swift in Sources */ = {isa = PBXBuildFile; fileRef = C3ADE7C723563077009B6377 /* FeedViewController.swift */; };
		C3ADE7CA2356310C009B6377 /* CreatePostViewController.swift in Sources */ = {isa = PBXBuildFile; fileRef = C3ADE7C92356310C009B6377 /* CreatePostViewController.swift */; };
		C3ADE7CC2356313A009B6377 /* ServicesViewController.swift in Sources */ = {isa = PBXBuildFile; fileRef = C3ADE7CB2356313A009B6377 /* ServicesViewController.swift */; };
		F372787FC59C6954735B025E /* Pods_OwnersIOS.framework in Frameworks */ = {isa = PBXBuildFile; fileRef = DD2479D37130DF07E7E73454 /* Pods_OwnersIOS.framework */; };
/* End PBXBuildFile section */

/* Begin PBXContainerItemProxy section */
		C35EE803233BD98400224078 /* PBXContainerItemProxy */ = {
			isa = PBXContainerItemProxy;
			containerPortal = C35EE7E4233BD97F00224078 /* Project object */;
			proxyType = 1;
			remoteGlobalIDString = C35EE7EB233BD97F00224078;
			remoteInfo = OwnersIOS;
		};
		C35EE80E233BD98400224078 /* PBXContainerItemProxy */ = {
			isa = PBXContainerItemProxy;
			containerPortal = C35EE7E4233BD97F00224078 /* Project object */;
			proxyType = 1;
			remoteGlobalIDString = C35EE7EB233BD97F00224078;
			remoteInfo = OwnersIOS;
		};
/* End PBXContainerItemProxy section */

/* Begin PBXFileReference section */
		6369573B46B5A5DE1C392A6D /* Pods-OwnersIOS.release.xcconfig */ = {isa = PBXFileReference; includeInIndex = 1; lastKnownFileType = text.xcconfig; name = "Pods-OwnersIOS.release.xcconfig"; path = "Target Support Files/Pods-OwnersIOS/Pods-OwnersIOS.release.xcconfig"; sourceTree = "<group>"; };
		B0990EC24EE0DA45047C9E79 /* Pods-OwnersIOS.debug.xcconfig */ = {isa = PBXFileReference; includeInIndex = 1; lastKnownFileType = text.xcconfig; name = "Pods-OwnersIOS.debug.xcconfig"; path = "Target Support Files/Pods-OwnersIOS/Pods-OwnersIOS.debug.xcconfig"; sourceTree = "<group>"; };
		C32F2B052352428200D1899C /* UIImage+Extension.swift */ = {isa = PBXFileReference; lastKnownFileType = sourcecode.swift; path = "UIImage+Extension.swift"; sourceTree = "<group>"; };
		C350F60C23A663BC00559AED /* ParentViewController.swift */ = {isa = PBXFileReference; lastKnownFileType = sourcecode.swift; path = ParentViewController.swift; sourceTree = "<group>"; };
		C350F60F23A6668600559AED /* ServicesCollectionDataSource.swift */ = {isa = PBXFileReference; lastKnownFileType = sourcecode.swift; path = ServicesCollectionDataSource.swift; sourceTree = "<group>"; };
		C350F61123A6669D00559AED /* ServicesCollectionDelegate.swift */ = {isa = PBXFileReference; lastKnownFileType = sourcecode.swift; path = ServicesCollectionDelegate.swift; sourceTree = "<group>"; };
		C350F61523A672A900559AED /* ServiceCollectionCell.swift */ = {isa = PBXFileReference; lastKnownFileType = sourcecode.swift; path = ServiceCollectionCell.swift; sourceTree = "<group>"; };
		C350F61723A674DE00559AED /* ServiceCollectionViewModel.swift */ = {isa = PBXFileReference; lastKnownFileType = sourcecode.swift; path = ServiceCollectionViewModel.swift; sourceTree = "<group>"; };
		C350F61923A675C200559AED /* ServicesCollectionHolder.swift */ = {isa = PBXFileReference; lastKnownFileType = sourcecode.swift; path = ServicesCollectionHolder.swift; sourceTree = "<group>"; };
		C350F61B23A679EC00559AED /* ServicesViewModelInitializer.swift */ = {isa = PBXFileReference; lastKnownFileType = sourcecode.swift; path = ServicesViewModelInitializer.swift; sourceTree = "<group>"; };
		C350F61D23A67A6000559AED /* ServicesViewControllerBuilder.swift */ = {isa = PBXFileReference; lastKnownFileType = sourcecode.swift; path = ServicesViewControllerBuilder.swift; sourceTree = "<group>"; };
		C350F62023A69D8E00559AED /* FeedTableViewDelegate.swift */ = {isa = PBXFileReference; lastKnownFileType = sourcecode.swift; path = FeedTableViewDelegate.swift; sourceTree = "<group>"; };
		C350F62223A69DBE00559AED /* FeedTableViewDataSource.swift */ = {isa = PBXFileReference; lastKnownFileType = sourcecode.swift; path = FeedTableViewDataSource.swift; sourceTree = "<group>"; };
		C350F62423A69E0A00559AED /* FeedTableViewCell.swift */ = {isa = PBXFileReference; lastKnownFileType = sourcecode.swift; path = FeedTableViewCell.swift; sourceTree = "<group>"; };
		C350F62723A6B42E00559AED /* PostInfoView.swift */ = {isa = PBXFileReference; lastKnownFileType = sourcecode.swift; path = PostInfoView.swift; sourceTree = "<group>"; };
		C350F62923A6B44800559AED /* UserInfoHeaderView.swift */ = {isa = PBXFileReference; lastKnownFileType = sourcecode.swift; path = UserInfoHeaderView.swift; sourceTree = "<group>"; };
		C350F62B23A6B58F00559AED /* FeedViewControllerBuilder.swift */ = {isa = PBXFileReference; lastKnownFileType = sourcecode.swift; path = FeedViewControllerBuilder.swift; sourceTree = "<group>"; };
		C35EE7EC233BD97F00224078 /* Owners.app */ = {isa = PBXFileReference; explicitFileType = wrapper.application; includeInIndex = 0; path = Owners.app; sourceTree = BUILT_PRODUCTS_DIR; };
		C35EE7EF233BD97F00224078 /* AppDelegate.swift */ = {isa = PBXFileReference; lastKnownFileType = sourcecode.swift; path = AppDelegate.swift; sourceTree = "<group>"; };
		C35EE7F1233BD97F00224078 /* SceneDelegate.swift */ = {isa = PBXFileReference; lastKnownFileType = sourcecode.swift; path = SceneDelegate.swift; sourceTree = "<group>"; };
		C35EE7F3233BD97F00224078 /* ViewController.swift */ = {isa = PBXFileReference; lastKnownFileType = sourcecode.swift; path = ViewController.swift; sourceTree = "<group>"; };
		C35EE7F6233BD97F00224078 /* Base */ = {isa = PBXFileReference; lastKnownFileType = file.storyboard; name = Base; path = Base.lproj/Main.storyboard; sourceTree = "<group>"; };
		C35EE7F8233BD98400224078 /* Assets.xcassets */ = {isa = PBXFileReference; lastKnownFileType = folder.assetcatalog; path = Assets.xcassets; sourceTree = "<group>"; };
		C35EE7FB233BD98400224078 /* Base */ = {isa = PBXFileReference; lastKnownFileType = file.storyboard; name = Base; path = Base.lproj/LaunchScreen.storyboard; sourceTree = "<group>"; };
		C35EE7FD233BD98400224078 /* Info.plist */ = {isa = PBXFileReference; lastKnownFileType = text.plist.xml; path = Info.plist; sourceTree = "<group>"; };
		C35EE802233BD98400224078 /* OwnersIOSTests.xctest */ = {isa = PBXFileReference; explicitFileType = wrapper.cfbundle; includeInIndex = 0; path = OwnersIOSTests.xctest; sourceTree = BUILT_PRODUCTS_DIR; };
		C35EE806233BD98400224078 /* OwnersIOSTests.swift */ = {isa = PBXFileReference; lastKnownFileType = sourcecode.swift; path = OwnersIOSTests.swift; sourceTree = "<group>"; };
		C35EE808233BD98400224078 /* Info.plist */ = {isa = PBXFileReference; lastKnownFileType = text.plist.xml; path = Info.plist; sourceTree = "<group>"; };
		C35EE80D233BD98400224078 /* OwnersIOSUITests.xctest */ = {isa = PBXFileReference; explicitFileType = wrapper.cfbundle; includeInIndex = 0; path = OwnersIOSUITests.xctest; sourceTree = BUILT_PRODUCTS_DIR; };
		C35EE811233BD98400224078 /* OwnersIOSUITests.swift */ = {isa = PBXFileReference; lastKnownFileType = sourcecode.swift; path = OwnersIOSUITests.swift; sourceTree = "<group>"; };
		C35EE813233BD98400224078 /* Info.plist */ = {isa = PBXFileReference; lastKnownFileType = text.plist.xml; path = Info.plist; sourceTree = "<group>"; };
		C36BC0F223A8166B000C3F1D /* CreatePostViewControllerBuilder.swift */ = {isa = PBXFileReference; lastKnownFileType = sourcecode.swift; path = CreatePostViewControllerBuilder.swift; sourceTree = "<group>"; };
		C36BC0F523A81717000C3F1D /* PostView.swift */ = {isa = PBXFileReference; lastKnownFileType = sourcecode.swift; path = PostView.swift; sourceTree = "<group>"; };
		C36BC0F723A8278B000C3F1D /* InputView.swift */ = {isa = PBXFileReference; lastKnownFileType = sourcecode.swift; path = InputView.swift; sourceTree = "<group>"; };
		C372532B2352326100B11E39 /* MainTabBarController.swift */ = {isa = PBXFileReference; lastKnownFileType = sourcecode.swift; path = MainTabBarController.swift; sourceTree = "<group>"; };
		C37253372352358E00B11E39 /* ViewControllersFactory.swift */ = {isa = PBXFileReference; lastKnownFileType = sourcecode.swift; path = ViewControllersFactory.swift; sourceTree = "<group>"; };
		C3ADE7C423562E6D009B6377 /* UIColor+Extension.swift */ = {isa = PBXFileReference; lastKnownFileType = sourcecode.swift; path = "UIColor+Extension.swift"; sourceTree = "<group>"; };
		C3ADE7C723563077009B6377 /* FeedViewController.swift */ = {isa = PBXFileReference; lastKnownFileType = sourcecode.swift; path = FeedViewController.swift; sourceTree = "<group>"; };
		C3ADE7C92356310C009B6377 /* CreatePostViewController.swift */ = {isa = PBXFileReference; lastKnownFileType = sourcecode.swift; path = CreatePostViewController.swift; sourceTree = "<group>"; };
		C3ADE7CB2356313A009B6377 /* ServicesViewController.swift */ = {isa = PBXFileReference; lastKnownFileType = sourcecode.swift; path = ServicesViewController.swift; sourceTree = "<group>"; };
		DD2479D37130DF07E7E73454 /* Pods_OwnersIOS.framework */ = {isa = PBXFileReference; explicitFileType = wrapper.framework; includeInIndex = 0; path = Pods_OwnersIOS.framework; sourceTree = BUILT_PRODUCTS_DIR; };
/* End PBXFileReference section */

/* Begin PBXFrameworksBuildPhase section */
		C35EE7E9233BD97F00224078 /* Frameworks */ = {
			isa = PBXFrameworksBuildPhase;
			buildActionMask = 2147483647;
			files = (
				F372787FC59C6954735B025E /* Pods_OwnersIOS.framework in Frameworks */,
			);
			runOnlyForDeploymentPostprocessing = 0;
		};
		C35EE7FF233BD98400224078 /* Frameworks */ = {
			isa = PBXFrameworksBuildPhase;
			buildActionMask = 2147483647;
			files = (
			);
			runOnlyForDeploymentPostprocessing = 0;
		};
		C35EE80A233BD98400224078 /* Frameworks */ = {
			isa = PBXFrameworksBuildPhase;
			buildActionMask = 2147483647;
			files = (
			);
			runOnlyForDeploymentPostprocessing = 0;
		};
/* End PBXFrameworksBuildPhase section */

/* Begin PBXGroup section */
		C32F2B032352425600D1899C /* Helpers */ = {
			isa = PBXGroup;
			children = (
				C32F2B042352426B00D1899C /* Extensions */,
			);
			path = Helpers;
			sourceTree = "<group>";
		};
		C32F2B042352426B00D1899C /* Extensions */ = {
			isa = PBXGroup;
			children = (
				C32F2B052352428200D1899C /* UIImage+Extension.swift */,
				C3ADE7C423562E6D009B6377 /* UIColor+Extension.swift */,
			);
			path = Extensions;
			sourceTree = "<group>";
		};
		C350F60E23A6666B00559AED /* Collection Utils */ = {
			isa = PBXGroup;
			children = (
				C350F60F23A6668600559AED /* ServicesCollectionDataSource.swift */,
				C350F61123A6669D00559AED /* ServicesCollectionDelegate.swift */,
				C350F61523A672A900559AED /* ServiceCollectionCell.swift */,
				C350F61723A674DE00559AED /* ServiceCollectionViewModel.swift */,
				C350F61923A675C200559AED /* ServicesCollectionHolder.swift */,
				C350F61B23A679EC00559AED /* ServicesViewModelInitializer.swift */,
			);
			path = "Collection Utils";
			sourceTree = "<group>";
		};
		C350F61F23A69D6C00559AED /* TableView Utils */ = {
			isa = PBXGroup;
			children = (
				C350F62623A6B42100559AED /* Views */,
				C350F62023A69D8E00559AED /* FeedTableViewDelegate.swift */,
				C350F62223A69DBE00559AED /* FeedTableViewDataSource.swift */,
				C350F62423A69E0A00559AED /* FeedTableViewCell.swift */,
			);
			path = "TableView Utils";
			sourceTree = "<group>";
		};
		C350F62623A6B42100559AED /* Views */ = {
			isa = PBXGroup;
			children = (
				C350F62723A6B42E00559AED /* PostInfoView.swift */,
				C350F62923A6B44800559AED /* UserInfoHeaderView.swift */,
			);
			path = Views;
			sourceTree = "<group>";
		};
		C35EE7E3233BD97F00224078 = {
			isa = PBXGroup;
			children = (
				C35EE7EE233BD97F00224078 /* OwnersIOS */,
				C35EE805233BD98400224078 /* OwnersIOSTests */,
				C35EE810233BD98400224078 /* OwnersIOSUITests */,
				C35EE7ED233BD97F00224078 /* Products */,
				FA0C88648DF78A316569E8D7 /* Pods */,
				D220FAF46BEBAFD9A7E71ED3 /* Frameworks */,
			);
			sourceTree = "<group>";
		};
		C35EE7ED233BD97F00224078 /* Products */ = {
			isa = PBXGroup;
			children = (
				C35EE7EC233BD97F00224078 /* Owners.app */,
				C35EE802233BD98400224078 /* OwnersIOSTests.xctest */,
				C35EE80D233BD98400224078 /* OwnersIOSUITests.xctest */,
			);
			name = Products;
			sourceTree = "<group>";
		};
		C35EE7EE233BD97F00224078 /* OwnersIOS */ = {
			isa = PBXGroup;
			children = (
				C32F2B032352425600D1899C /* Helpers */,
				C37253302352344E00B11E39 /* Services */,
				C372532F2352340C00B11E39 /* CreatePost */,
				C372532E235233FD00B11E39 /* Feed */,
				C372532D235233A300B11E39 /* MainNavigation */,
				C35EE7EF233BD97F00224078 /* AppDelegate.swift */,
				C35EE7F1233BD97F00224078 /* SceneDelegate.swift */,
				C35EE7F3233BD97F00224078 /* ViewController.swift */,
				C35EE7F5233BD97F00224078 /* Main.storyboard */,
				C35EE7F8233BD98400224078 /* Assets.xcassets */,
				C35EE7FA233BD98400224078 /* LaunchScreen.storyboard */,
				C35EE7FD233BD98400224078 /* Info.plist */,
			);
			path = OwnersIOS;
			sourceTree = "<group>";
		};
		C35EE805233BD98400224078 /* OwnersIOSTests */ = {
			isa = PBXGroup;
			children = (
				C35EE806233BD98400224078 /* OwnersIOSTests.swift */,
				C35EE808233BD98400224078 /* Info.plist */,
			);
			path = OwnersIOSTests;
			sourceTree = "<group>";
		};
		C35EE810233BD98400224078 /* OwnersIOSUITests */ = {
			isa = PBXGroup;
			children = (
				C35EE811233BD98400224078 /* OwnersIOSUITests.swift */,
				C35EE813233BD98400224078 /* Info.plist */,
			);
			path = OwnersIOSUITests;
			sourceTree = "<group>";
		};
		C36BC0F423A816D5000C3F1D /* View */ = {
			isa = PBXGroup;
			children = (
				C36BC0F523A81717000C3F1D /* PostView.swift */,
				C36BC0F723A8278B000C3F1D /* InputView.swift */,
			);
			path = View;
			sourceTree = "<group>";
		};
		C372532D235233A300B11E39 /* MainNavigation */ = {
			isa = PBXGroup;
			children = (
				C372532B2352326100B11E39 /* MainTabBarController.swift */,
				C37253372352358E00B11E39 /* ViewControllersFactory.swift */,
				C350F60C23A663BC00559AED /* ParentViewController.swift */,
			);
			path = MainNavigation;
			sourceTree = "<group>";
		};
		C372532E235233FD00B11E39 /* Feed */ = {
			isa = PBXGroup;
			children = (
				C350F61F23A69D6C00559AED /* TableView Utils */,
				C3725336235234A700B11E39 /* ViewControllerBuilder */,
				C37253352352349E00B11E39 /* ViewController */,
			);
			path = Feed;
			sourceTree = "<group>";
		};
		C372532F2352340C00B11E39 /* CreatePost */ = {
			isa = PBXGroup;
			children = (
				C36BC0F423A816D5000C3F1D /* View */,
				C37253342352348800B11E39 /* ViewControllerBuilder */,
				C37253332352347C00B11E39 /* ViewController */,
			);
			path = CreatePost;
			sourceTree = "<group>";
		};
		C37253302352344E00B11E39 /* Services */ = {
			isa = PBXGroup;
			children = (
				C350F60E23A6666B00559AED /* Collection Utils */,
				C37253322352346A00B11E39 /* ViewControllerBuilder */,
				C37253312352346000B11E39 /* ViewController */,
			);
			path = Services;
			sourceTree = "<group>";
		};
		C37253312352346000B11E39 /* ViewController */ = {
			isa = PBXGroup;
			children = (
				C3ADE7CB2356313A009B6377 /* ServicesViewController.swift */,
			);
			path = ViewController;
			sourceTree = "<group>";
		};
		C37253322352346A00B11E39 /* ViewControllerBuilder */ = {
			isa = PBXGroup;
			children = (
				C350F61D23A67A6000559AED /* ServicesViewControllerBuilder.swift */,
			);
			path = ViewControllerBuilder;
			sourceTree = "<group>";
		};
		C37253332352347C00B11E39 /* ViewController */ = {
			isa = PBXGroup;
			children = (
				C3ADE7C92356310C009B6377 /* CreatePostViewController.swift */,
			);
			path = ViewController;
			sourceTree = "<group>";
		};
		C37253342352348800B11E39 /* ViewControllerBuilder */ = {
			isa = PBXGroup;
			children = (
				C36BC0F223A8166B000C3F1D /* CreatePostViewControllerBuilder.swift */,
			);
			path = ViewControllerBuilder;
			sourceTree = "<group>";
		};
		C37253352352349E00B11E39 /* ViewController */ = {
			isa = PBXGroup;
			children = (
				C3ADE7C723563077009B6377 /* FeedViewController.swift */,
			);
			path = ViewController;
			sourceTree = "<group>";
		};
		C3725336235234A700B11E39 /* ViewControllerBuilder */ = {
			isa = PBXGroup;
			children = (
				C350F62B23A6B58F00559AED /* FeedViewControllerBuilder.swift */,
			);
			path = ViewControllerBuilder;
			sourceTree = "<group>";
		};
		D220FAF46BEBAFD9A7E71ED3 /* Frameworks */ = {
			isa = PBXGroup;
			children = (
				DD2479D37130DF07E7E73454 /* Pods_OwnersIOS.framework */,
			);
			name = Frameworks;
			sourceTree = "<group>";
		};
		FA0C88648DF78A316569E8D7 /* Pods */ = {
			isa = PBXGroup;
			children = (
				B0990EC24EE0DA45047C9E79 /* Pods-OwnersIOS.debug.xcconfig */,
				6369573B46B5A5DE1C392A6D /* Pods-OwnersIOS.release.xcconfig */,
			);
			path = Pods;
			sourceTree = "<group>";
		};
/* End PBXGroup section */

/* Begin PBXNativeTarget section */
		C35EE7EB233BD97F00224078 /* OwnersIOS */ = {
			isa = PBXNativeTarget;
			buildConfigurationList = C35EE816233BD98400224078 /* Build configuration list for PBXNativeTarget "OwnersIOS" */;
			buildPhases = (
				817728FFE69B0B4BAACEA762 /* [CP] Check Pods Manifest.lock */,
				C35EE7E8233BD97F00224078 /* Sources */,
				C35EE7E9233BD97F00224078 /* Frameworks */,
				C35EE7EA233BD97F00224078 /* Resources */,
				CCBB7DF09788D199AFD77DBA /* [CP] Embed Pods Frameworks */,
			);
			buildRules = (
			);
			dependencies = (
			);
			name = OwnersIOS;
			productName = OwnersIOS;
			productReference = C35EE7EC233BD97F00224078 /* Owners.app */;
			productType = "com.apple.product-type.application";
		};
		C35EE801233BD98400224078 /* OwnersIOSTests */ = {
			isa = PBXNativeTarget;
			buildConfigurationList = C35EE819233BD98400224078 /* Build configuration list for PBXNativeTarget "OwnersIOSTests" */;
			buildPhases = (
				C35EE7FE233BD98400224078 /* Sources */,
				C35EE7FF233BD98400224078 /* Frameworks */,
				C35EE800233BD98400224078 /* Resources */,
			);
			buildRules = (
			);
			dependencies = (
				C35EE804233BD98400224078 /* PBXTargetDependency */,
			);
			name = OwnersIOSTests;
			productName = OwnersIOSTests;
			productReference = C35EE802233BD98400224078 /* OwnersIOSTests.xctest */;
			productType = "com.apple.product-type.bundle.unit-test";
		};
		C35EE80C233BD98400224078 /* OwnersIOSUITests */ = {
			isa = PBXNativeTarget;
			buildConfigurationList = C35EE81C233BD98400224078 /* Build configuration list for PBXNativeTarget "OwnersIOSUITests" */;
			buildPhases = (
				C35EE809233BD98400224078 /* Sources */,
				C35EE80A233BD98400224078 /* Frameworks */,
				C35EE80B233BD98400224078 /* Resources */,
			);
			buildRules = (
			);
			dependencies = (
				C35EE80F233BD98400224078 /* PBXTargetDependency */,
			);
			name = OwnersIOSUITests;
			productName = OwnersIOSUITests;
			productReference = C35EE80D233BD98400224078 /* OwnersIOSUITests.xctest */;
			productType = "com.apple.product-type.bundle.ui-testing";
		};
/* End PBXNativeTarget section */

/* Begin PBXProject section */
		C35EE7E4233BD97F00224078 /* Project object */ = {
			isa = PBXProject;
			attributes = {
				LastSwiftUpdateCheck = 1100;
				LastUpgradeCheck = 1100;
				ORGANIZATIONNAME = Sofia;
				TargetAttributes = {
					C35EE7EB233BD97F00224078 = {
						CreatedOnToolsVersion = 11.0;
					};
					C35EE801233BD98400224078 = {
						CreatedOnToolsVersion = 11.0;
						TestTargetID = C35EE7EB233BD97F00224078;
					};
					C35EE80C233BD98400224078 = {
						CreatedOnToolsVersion = 11.0;
						TestTargetID = C35EE7EB233BD97F00224078;
					};
				};
			};
			buildConfigurationList = C35EE7E7233BD97F00224078 /* Build configuration list for PBXProject "OwnersIOS" */;
			compatibilityVersion = "Xcode 9.3";
			developmentRegion = en;
			hasScannedForEncodings = 0;
			knownRegions = (
				en,
				Base,
			);
			mainGroup = C35EE7E3233BD97F00224078;
			productRefGroup = C35EE7ED233BD97F00224078 /* Products */;
			projectDirPath = "";
			projectRoot = "";
			targets = (
				C35EE7EB233BD97F00224078 /* OwnersIOS */,
				C35EE801233BD98400224078 /* OwnersIOSTests */,
				C35EE80C233BD98400224078 /* OwnersIOSUITests */,
			);
		};
/* End PBXProject section */

/* Begin PBXResourcesBuildPhase section */
		C35EE7EA233BD97F00224078 /* Resources */ = {
			isa = PBXResourcesBuildPhase;
			buildActionMask = 2147483647;
			files = (
				C35EE7FC233BD98400224078 /* LaunchScreen.storyboard in Resources */,
				C35EE7F9233BD98400224078 /* Assets.xcassets in Resources */,
				C35EE7F7233BD97F00224078 /* Main.storyboard in Resources */,
			);
			runOnlyForDeploymentPostprocessing = 0;
		};
		C35EE800233BD98400224078 /* Resources */ = {
			isa = PBXResourcesBuildPhase;
			buildActionMask = 2147483647;
			files = (
			);
			runOnlyForDeploymentPostprocessing = 0;
		};
		C35EE80B233BD98400224078 /* Resources */ = {
			isa = PBXResourcesBuildPhase;
			buildActionMask = 2147483647;
			files = (
			);
			runOnlyForDeploymentPostprocessing = 0;
		};
/* End PBXResourcesBuildPhase section */

/* Begin PBXShellScriptBuildPhase section */
		817728FFE69B0B4BAACEA762 /* [CP] Check Pods Manifest.lock */ = {
			isa = PBXShellScriptBuildPhase;
			buildActionMask = 2147483647;
			files = (
			);
			inputFileListPaths = (
			);
			inputPaths = (
				"${PODS_PODFILE_DIR_PATH}/Podfile.lock",
				"${PODS_ROOT}/Manifest.lock",
			);
			name = "[CP] Check Pods Manifest.lock";
			outputFileListPaths = (
			);
			outputPaths = (
				"$(DERIVED_FILE_DIR)/Pods-OwnersIOS-checkManifestLockResult.txt",
			);
			runOnlyForDeploymentPostprocessing = 0;
			shellPath = /bin/sh;
			shellScript = "diff \"${PODS_PODFILE_DIR_PATH}/Podfile.lock\" \"${PODS_ROOT}/Manifest.lock\" > /dev/null\nif [ $? != 0 ] ; then\n    # print error to STDERR\n    echo \"error: The sandbox is not in sync with the Podfile.lock. Run 'pod install' or update your CocoaPods installation.\" >&2\n    exit 1\nfi\n# This output is used by Xcode 'outputs' to avoid re-running this script phase.\necho \"SUCCESS\" > \"${SCRIPT_OUTPUT_FILE_0}\"\n";
			showEnvVarsInLog = 0;
		};
		CCBB7DF09788D199AFD77DBA /* [CP] Embed Pods Frameworks */ = {
			isa = PBXShellScriptBuildPhase;
			buildActionMask = 2147483647;
			files = (
			);
			inputFileListPaths = (
				"${PODS_ROOT}/Target Support Files/Pods-OwnersIOS/Pods-OwnersIOS-frameworks-${CONFIGURATION}-input-files.xcfilelist",
			);
			name = "[CP] Embed Pods Frameworks";
			outputFileListPaths = (
				"${PODS_ROOT}/Target Support Files/Pods-OwnersIOS/Pods-OwnersIOS-frameworks-${CONFIGURATION}-output-files.xcfilelist",
			);
			runOnlyForDeploymentPostprocessing = 0;
			shellPath = /bin/sh;
			shellScript = "\"${PODS_ROOT}/Target Support Files/Pods-OwnersIOS/Pods-OwnersIOS-frameworks.sh\"\n";
			showEnvVarsInLog = 0;
		};
/* End PBXShellScriptBuildPhase section */

/* Begin PBXSourcesBuildPhase section */
		C35EE7E8233BD97F00224078 /* Sources */ = {
			isa = PBXSourcesBuildPhase;
			buildActionMask = 2147483647;
			files = (
				C350F61223A6669D00559AED /* ServicesCollectionDelegate.swift in Sources */,
				C3ADE7C523562E6D009B6377 /* UIColor+Extension.swift in Sources */,
				C350F62823A6B42E00559AED /* PostInfoView.swift in Sources */,
				C350F61E23A67A6000559AED /* ServicesViewControllerBuilder.swift in Sources */,
				C35EE7F4233BD97F00224078 /* ViewController.swift in Sources */,
				C37253382352358E00B11E39 /* ViewControllersFactory.swift in Sources */,
				C350F62123A69D8E00559AED /* FeedTableViewDelegate.swift in Sources */,
				C350F62A23A6B44800559AED /* UserInfoHeaderView.swift in Sources */,
				C35EE7F0233BD97F00224078 /* AppDelegate.swift in Sources */,
				C350F60D23A663BC00559AED /* ParentViewController.swift in Sources */,
				C32F2B062352428200D1899C /* UIImage+Extension.swift in Sources */,
				C350F61623A672A900559AED /* ServiceCollectionCell.swift in Sources */,
				C350F62C23A6B58F00559AED /* FeedViewControllerBuilder.swift in Sources */,
				C350F61823A674DE00559AED /* ServiceCollectionViewModel.swift in Sources */,
				C372532C2352326100B11E39 /* MainTabBarController.swift in Sources */,
				C36BC0F823A8278B000C3F1D /* InputView.swift in Sources */,
				C350F62323A69DBE00559AED /* FeedTableViewDataSource.swift in Sources */,
				C3ADE7C823563077009B6377 /* FeedViewController.swift in Sources */,
				C350F61A23A675C200559AED /* ServicesCollectionHolder.swift in Sources */,
				C350F61023A6668600559AED /* ServicesCollectionDataSource.swift in Sources */,
				C350F62523A69E0A00559AED /* FeedTableViewCell.swift in Sources */,
				C3ADE7CA2356310C009B6377 /* CreatePostViewController.swift in Sources */,
				C3ADE7CC2356313A009B6377 /* ServicesViewController.swift in Sources */,
				C35EE7F2233BD97F00224078 /* SceneDelegate.swift in Sources */,
				C350F61C23A679EC00559AED /* ServicesViewModelInitializer.swift in Sources */,
				C36BC0F623A81717000C3F1D /* PostView.swift in Sources */,
				C36BC0F323A8166B000C3F1D /* CreatePostViewControllerBuilder.swift in Sources */,
			);
			runOnlyForDeploymentPostprocessing = 0;
		};
		C35EE7FE233BD98400224078 /* Sources */ = {
			isa = PBXSourcesBuildPhase;
			buildActionMask = 2147483647;
			files = (
				C35EE807233BD98400224078 /* OwnersIOSTests.swift in Sources */,
			);
			runOnlyForDeploymentPostprocessing = 0;
		};
		C35EE809233BD98400224078 /* Sources */ = {
			isa = PBXSourcesBuildPhase;
			buildActionMask = 2147483647;
			files = (
				C35EE812233BD98400224078 /* OwnersIOSUITests.swift in Sources */,
			);
			runOnlyForDeploymentPostprocessing = 0;
		};
/* End PBXSourcesBuildPhase section */

/* Begin PBXTargetDependency section */
		C35EE804233BD98400224078 /* PBXTargetDependency */ = {
			isa = PBXTargetDependency;
			target = C35EE7EB233BD97F00224078 /* OwnersIOS */;
			targetProxy = C35EE803233BD98400224078 /* PBXContainerItemProxy */;
		};
		C35EE80F233BD98400224078 /* PBXTargetDependency */ = {
			isa = PBXTargetDependency;
			target = C35EE7EB233BD97F00224078 /* OwnersIOS */;
			targetProxy = C35EE80E233BD98400224078 /* PBXContainerItemProxy */;
		};
/* End PBXTargetDependency section */

/* Begin PBXVariantGroup section */
		C35EE7F5233BD97F00224078 /* Main.storyboard */ = {
			isa = PBXVariantGroup;
			children = (
				C35EE7F6233BD97F00224078 /* Base */,
			);
			name = Main.storyboard;
			sourceTree = "<group>";
		};
		C35EE7FA233BD98400224078 /* LaunchScreen.storyboard */ = {
			isa = PBXVariantGroup;
			children = (
				C35EE7FB233BD98400224078 /* Base */,
			);
			name = LaunchScreen.storyboard;
			sourceTree = "<group>";
		};
/* End PBXVariantGroup section */

/* Begin XCBuildConfiguration section */
		C35EE814233BD98400224078 /* Debug */ = {
			isa = XCBuildConfiguration;
			buildSettings = {
				ALWAYS_SEARCH_USER_PATHS = NO;
				CLANG_ANALYZER_NONNULL = YES;
				CLANG_ANALYZER_NUMBER_OBJECT_CONVERSION = YES_AGGRESSIVE;
				CLANG_CXX_LANGUAGE_STANDARD = "gnu++14";
				CLANG_CXX_LIBRARY = "libc++";
				CLANG_ENABLE_MODULES = YES;
				CLANG_ENABLE_OBJC_ARC = YES;
				CLANG_ENABLE_OBJC_WEAK = YES;
				CLANG_WARN_BLOCK_CAPTURE_AUTORELEASING = YES;
				CLANG_WARN_BOOL_CONVERSION = YES;
				CLANG_WARN_COMMA = YES;
				CLANG_WARN_CONSTANT_CONVERSION = YES;
				CLANG_WARN_DEPRECATED_OBJC_IMPLEMENTATIONS = YES;
				CLANG_WARN_DIRECT_OBJC_ISA_USAGE = YES_ERROR;
				CLANG_WARN_DOCUMENTATION_COMMENTS = YES;
				CLANG_WARN_EMPTY_BODY = YES;
				CLANG_WARN_ENUM_CONVERSION = YES;
				CLANG_WARN_INFINITE_RECURSION = YES;
				CLANG_WARN_INT_CONVERSION = YES;
				CLANG_WARN_NON_LITERAL_NULL_CONVERSION = YES;
				CLANG_WARN_OBJC_IMPLICIT_RETAIN_SELF = YES;
				CLANG_WARN_OBJC_LITERAL_CONVERSION = YES;
				CLANG_WARN_OBJC_ROOT_CLASS = YES_ERROR;
				CLANG_WARN_RANGE_LOOP_ANALYSIS = YES;
				CLANG_WARN_STRICT_PROTOTYPES = YES;
				CLANG_WARN_SUSPICIOUS_MOVE = YES;
				CLANG_WARN_UNGUARDED_AVAILABILITY = YES_AGGRESSIVE;
				CLANG_WARN_UNREACHABLE_CODE = YES;
				CLANG_WARN__DUPLICATE_METHOD_MATCH = YES;
				COPY_PHASE_STRIP = NO;
				DEBUG_INFORMATION_FORMAT = dwarf;
				ENABLE_STRICT_OBJC_MSGSEND = YES;
				ENABLE_TESTABILITY = YES;
				GCC_C_LANGUAGE_STANDARD = gnu11;
				GCC_DYNAMIC_NO_PIC = NO;
				GCC_NO_COMMON_BLOCKS = YES;
				GCC_OPTIMIZATION_LEVEL = 0;
				GCC_PREPROCESSOR_DEFINITIONS = (
					"DEBUG=1",
					"$(inherited)",
				);
				GCC_WARN_64_TO_32_BIT_CONVERSION = YES;
				GCC_WARN_ABOUT_RETURN_TYPE = YES_ERROR;
				GCC_WARN_UNDECLARED_SELECTOR = YES;
				GCC_WARN_UNINITIALIZED_AUTOS = YES_AGGRESSIVE;
				GCC_WARN_UNUSED_FUNCTION = YES;
				GCC_WARN_UNUSED_VARIABLE = YES;
				IPHONEOS_DEPLOYMENT_TARGET = 13.0;
				MTL_ENABLE_DEBUG_INFO = INCLUDE_SOURCE;
				MTL_FAST_MATH = YES;
				ONLY_ACTIVE_ARCH = YES;
				SDKROOT = iphoneos;
				SWIFT_ACTIVE_COMPILATION_CONDITIONS = DEBUG;
				SWIFT_OPTIMIZATION_LEVEL = "-Onone";
			};
			name = Debug;
		};
		C35EE815233BD98400224078 /* Release */ = {
			isa = XCBuildConfiguration;
			buildSettings = {
				ALWAYS_SEARCH_USER_PATHS = NO;
				CLANG_ANALYZER_NONNULL = YES;
				CLANG_ANALYZER_NUMBER_OBJECT_CONVERSION = YES_AGGRESSIVE;
				CLANG_CXX_LANGUAGE_STANDARD = "gnu++14";
				CLANG_CXX_LIBRARY = "libc++";
				CLANG_ENABLE_MODULES = YES;
				CLANG_ENABLE_OBJC_ARC = YES;
				CLANG_ENABLE_OBJC_WEAK = YES;
				CLANG_WARN_BLOCK_CAPTURE_AUTORELEASING = YES;
				CLANG_WARN_BOOL_CONVERSION = YES;
				CLANG_WARN_COMMA = YES;
				CLANG_WARN_CONSTANT_CONVERSION = YES;
				CLANG_WARN_DEPRECATED_OBJC_IMPLEMENTATIONS = YES;
				CLANG_WARN_DIRECT_OBJC_ISA_USAGE = YES_ERROR;
				CLANG_WARN_DOCUMENTATION_COMMENTS = YES;
				CLANG_WARN_EMPTY_BODY = YES;
				CLANG_WARN_ENUM_CONVERSION = YES;
				CLANG_WARN_INFINITE_RECURSION = YES;
				CLANG_WARN_INT_CONVERSION = YES;
				CLANG_WARN_NON_LITERAL_NULL_CONVERSION = YES;
				CLANG_WARN_OBJC_IMPLICIT_RETAIN_SELF = YES;
				CLANG_WARN_OBJC_LITERAL_CONVERSION = YES;
				CLANG_WARN_OBJC_ROOT_CLASS = YES_ERROR;
				CLANG_WARN_RANGE_LOOP_ANALYSIS = YES;
				CLANG_WARN_STRICT_PROTOTYPES = YES;
				CLANG_WARN_SUSPICIOUS_MOVE = YES;
				CLANG_WARN_UNGUARDED_AVAILABILITY = YES_AGGRESSIVE;
				CLANG_WARN_UNREACHABLE_CODE = YES;
				CLANG_WARN__DUPLICATE_METHOD_MATCH = YES;
				COPY_PHASE_STRIP = NO;
				DEBUG_INFORMATION_FORMAT = "dwarf-with-dsym";
				ENABLE_NS_ASSERTIONS = NO;
				ENABLE_STRICT_OBJC_MSGSEND = YES;
				GCC_C_LANGUAGE_STANDARD = gnu11;
				GCC_NO_COMMON_BLOCKS = YES;
				GCC_WARN_64_TO_32_BIT_CONVERSION = YES;
				GCC_WARN_ABOUT_RETURN_TYPE = YES_ERROR;
				GCC_WARN_UNDECLARED_SELECTOR = YES;
				GCC_WARN_UNINITIALIZED_AUTOS = YES_AGGRESSIVE;
				GCC_WARN_UNUSED_FUNCTION = YES;
				GCC_WARN_UNUSED_VARIABLE = YES;
				IPHONEOS_DEPLOYMENT_TARGET = 13.0;
				MTL_ENABLE_DEBUG_INFO = NO;
				MTL_FAST_MATH = YES;
				SDKROOT = iphoneos;
				SWIFT_COMPILATION_MODE = wholemodule;
				SWIFT_OPTIMIZATION_LEVEL = "-O";
				VALIDATE_PRODUCT = YES;
			};
			name = Release;
		};
		C35EE817233BD98400224078 /* Debug */ = {
			isa = XCBuildConfiguration;
			baseConfigurationReference = B0990EC24EE0DA45047C9E79 /* Pods-OwnersIOS.debug.xcconfig */;
			buildSettings = {
				ASSETCATALOG_COMPILER_APPICON_NAME = AppIcon;
				CODE_SIGN_STYLE = Automatic;
				DEVELOPMENT_TEAM = D63WHKR76Q;
				INFOPLIST_FILE = OwnersIOS/Info.plist;
				IPHONEOS_DEPLOYMENT_TARGET = 12.0;
				LD_RUNPATH_SEARCH_PATHS = (
					"$(inherited)",
					"@executable_path/Frameworks",
				);
				PRODUCT_BUNDLE_IDENTIFIER = universityApp.OwnersIOS;
				PRODUCT_NAME = Owners;
				SWIFT_VERSION = 5.0;
				TARGETED_DEVICE_FAMILY = "1,2";
			};
			name = Debug;
		};
		C35EE818233BD98400224078 /* Release */ = {
			isa = XCBuildConfiguration;
			baseConfigurationReference = 6369573B46B5A5DE1C392A6D /* Pods-OwnersIOS.release.xcconfig */;
			buildSettings = {
				ASSETCATALOG_COMPILER_APPICON_NAME = AppIcon;
				CODE_SIGN_STYLE = Automatic;
				DEVELOPMENT_TEAM = D63WHKR76Q;
				INFOPLIST_FILE = OwnersIOS/Info.plist;
				IPHONEOS_DEPLOYMENT_TARGET = 12.0;
				LD_RUNPATH_SEARCH_PATHS = (
					"$(inherited)",
					"@executable_path/Frameworks",
				);
				PRODUCT_BUNDLE_IDENTIFIER = universityApp.OwnersIOS;
				PRODUCT_NAME = Owners;
				SWIFT_VERSION = 5.0;
				TARGETED_DEVICE_FAMILY = "1,2";
			};
			name = Release;
		};
		C35EE81A233BD98400224078 /* Debug */ = {
			isa = XCBuildConfiguration;
			buildSettings = {
				ALWAYS_EMBED_SWIFT_STANDARD_LIBRARIES = YES;
				BUNDLE_LOADER = "$(TEST_HOST)";
				CODE_SIGN_STYLE = Automatic;
				INFOPLIST_FILE = OwnersIOSTests/Info.plist;
				IPHONEOS_DEPLOYMENT_TARGET = 13.0;
				LD_RUNPATH_SEARCH_PATHS = (
					"$(inherited)",
					"@executable_path/Frameworks",
					"@loader_path/Frameworks",
				);
				PRODUCT_BUNDLE_IDENTIFIER = universityApp.OwnersIOSTests;
				PRODUCT_NAME = "$(TARGET_NAME)";
				SWIFT_VERSION = 5.0;
				TARGETED_DEVICE_FAMILY = "1,2";
				TEST_HOST = "$(BUILT_PRODUCTS_DIR)/OwnersIOS.app/OwnersIOS";
			};
			name = Debug;
		};
		C35EE81B233BD98400224078 /* Release */ = {
			isa = XCBuildConfiguration;
			buildSettings = {
				ALWAYS_EMBED_SWIFT_STANDARD_LIBRARIES = YES;
				BUNDLE_LOADER = "$(TEST_HOST)";
				CODE_SIGN_STYLE = Automatic;
				INFOPLIST_FILE = OwnersIOSTests/Info.plist;
				IPHONEOS_DEPLOYMENT_TARGET = 13.0;
				LD_RUNPATH_SEARCH_PATHS = (
					"$(inherited)",
					"@executable_path/Frameworks",
					"@loader_path/Frameworks",
				);
				PRODUCT_BUNDLE_IDENTIFIER = universityApp.OwnersIOSTests;
				PRODUCT_NAME = "$(TARGET_NAME)";
				SWIFT_VERSION = 5.0;
				TARGETED_DEVICE_FAMILY = "1,2";
				TEST_HOST = "$(BUILT_PRODUCTS_DIR)/OwnersIOS.app/OwnersIOS";
			};
			name = Release;
		};
		C35EE81D233BD98400224078 /* Debug */ = {
			isa = XCBuildConfiguration;
			buildSettings = {
				ALWAYS_EMBED_SWIFT_STANDARD_LIBRARIES = YES;
				CODE_SIGN_STYLE = Automatic;
				INFOPLIST_FILE = OwnersIOSUITests/Info.plist;
				LD_RUNPATH_SEARCH_PATHS = (
					"$(inherited)",
					"@executable_path/Frameworks",
					"@loader_path/Frameworks",
				);
				PRODUCT_BUNDLE_IDENTIFIER = universityApp.OwnersIOSUITests;
				PRODUCT_NAME = "$(TARGET_NAME)";
				SWIFT_VERSION = 5.0;
				TARGETED_DEVICE_FAMILY = "1,2";
				TEST_TARGET_NAME = OwnersIOS;
			};
			name = Debug;
		};
		C35EE81E233BD98400224078 /* Release */ = {
			isa = XCBuildConfiguration;
			buildSettings = {
				ALWAYS_EMBED_SWIFT_STANDARD_LIBRARIES = YES;
				CODE_SIGN_STYLE = Automatic;
				INFOPLIST_FILE = OwnersIOSUITests/Info.plist;
				LD_RUNPATH_SEARCH_PATHS = (
					"$(inherited)",
					"@executable_path/Frameworks",
					"@loader_path/Frameworks",
				);
				PRODUCT_BUNDLE_IDENTIFIER = universityApp.OwnersIOSUITests;
				PRODUCT_NAME = "$(TARGET_NAME)";
				SWIFT_VERSION = 5.0;
				TARGETED_DEVICE_FAMILY = "1,2";
				TEST_TARGET_NAME = OwnersIOS;
			};
			name = Release;
		};
/* End XCBuildConfiguration section */

/* Begin XCConfigurationList section */
		C35EE7E7233BD97F00224078 /* Build configuration list for PBXProject "OwnersIOS" */ = {
			isa = XCConfigurationList;
			buildConfigurations = (
				C35EE814233BD98400224078 /* Debug */,
				C35EE815233BD98400224078 /* Release */,
			);
			defaultConfigurationIsVisible = 0;
			defaultConfigurationName = Release;
		};
		C35EE816233BD98400224078 /* Build configuration list for PBXNativeTarget "OwnersIOS" */ = {
			isa = XCConfigurationList;
			buildConfigurations = (
				C35EE817233BD98400224078 /* Debug */,
				C35EE818233BD98400224078 /* Release */,
			);
			defaultConfigurationIsVisible = 0;
			defaultConfigurationName = Release;
		};
		C35EE819233BD98400224078 /* Build configuration list for PBXNativeTarget "OwnersIOSTests" */ = {
			isa = XCConfigurationList;
			buildConfigurations = (
				C35EE81A233BD98400224078 /* Debug */,
				C35EE81B233BD98400224078 /* Release */,
			);
			defaultConfigurationIsVisible = 0;
			defaultConfigurationName = Release;
		};
		C35EE81C233BD98400224078 /* Build configuration list for PBXNativeTarget "OwnersIOSUITests" */ = {
			isa = XCConfigurationList;
			buildConfigurations = (
				C35EE81D233BD98400224078 /* Debug */,
				C35EE81E233BD98400224078 /* Release */,
			);
			defaultConfigurationIsVisible = 0;
			defaultConfigurationName = Release;
		};
/* End XCConfigurationList section */
	};
	rootObject = C35EE7E4233BD97F00224078 /* Project object */;
}
